// !$*UTF8*$!
{
	archiveVersion = 1;
	classes = {
	};
	objectVersion = 46;
	objects = {

/* Begin PBXBuildFile section */
		719086721AF550280023C4B7 /* orange_techeria_logo.jpg in Resources */ = {isa = PBXBuildFile; fileRef = 719086701AF550280023C4B7 /* orange_techeria_logo.jpg */; };
		719086731AF550280023C4B7 /* techeria_logo.jpg in Resources */ = {isa = PBXBuildFile; fileRef = 719086711AF550280023C4B7 /* techeria_logo.jpg */; };
		7190867F1AF562C40023C4B7 /* Models.swift in Sources */ = {isa = PBXBuildFile; fileRef = 7190867E1AF562C40023C4B7 /* Models.swift */; };
		71B1EA351AF01F0800E135F5 /* AppDelegate.swift in Sources */ = {isa = PBXBuildFile; fileRef = 71B1EA311AF01F0800E135F5 /* AppDelegate.swift */; };
		71B1EA3A1AF01F5100E135F5 /* Images.xcassets in Resources */ = {isa = PBXBuildFile; fileRef = 71B1EA391AF01F5100E135F5 /* Images.xcassets */; };
		71B1EA3F1AF01FC900E135F5 /* Main.storyboard in Resources */ = {isa = PBXBuildFile; fileRef = 71B1EA3D1AF01FC900E135F5 /* Main.storyboard */; };
		71B1EA411AF0201600E135F5 /* Info.plist in Resources */ = {isa = PBXBuildFile; fileRef = 71B1EA401AF0201600E135F5 /* Info.plist */; };
		71B2F6171AF1B37F00F6EE4D /* LoginViewController.swift in Sources */ = {isa = PBXBuildFile; fileRef = 71B2F6161AF1B37F00F6EE4D /* LoginViewController.swift */; };
		71B2F6191AF1B3EA00F6EE4D /* HomeViewController.swift in Sources */ = {isa = PBXBuildFile; fileRef = 71B2F6181AF1B3EA00F6EE4D /* HomeViewController.swift */; };
/* End PBXBuildFile section */

/* Begin PBXContainerItemProxy section */
		9240067419CABECA00371784 /* PBXContainerItemProxy */ = {
			isa = PBXContainerItemProxy;
			containerPortal = 9240065619CABECA00371784 /* Project object */;
			proxyType = 1;
			remoteGlobalIDString = 9240065D19CABECA00371784;
			remoteInfo = TopApps;
		};
/* End PBXContainerItemProxy section */

/* Begin PBXFileReference section */
		719086701AF550280023C4B7 /* orange_techeria_logo.jpg */ = {isa = PBXFileReference; lastKnownFileType = image.jpeg; name = orange_techeria_logo.jpg; path = Techeria_iOS/orange_techeria_logo.jpg; sourceTree = SOURCE_ROOT; };
		719086711AF550280023C4B7 /* techeria_logo.jpg */ = {isa = PBXFileReference; lastKnownFileType = image.jpeg; name = techeria_logo.jpg; path = Techeria_iOS/techeria_logo.jpg; sourceTree = SOURCE_ROOT; };
		7190867E1AF562C40023C4B7 /* Models.swift */ = {isa = PBXFileReference; fileEncoding = 4; lastKnownFileType = sourcecode.swift; name = Models.swift; path = Techeria_iOS/Models.swift; sourceTree = SOURCE_ROOT; };
		71B1EA311AF01F0800E135F5 /* AppDelegate.swift */ = {isa = PBXFileReference; fileEncoding = 4; lastKnownFileType = sourcecode.swift; name = AppDelegate.swift; path = Techeria_iOS/AppDelegate.swift; sourceTree = SOURCE_ROOT; };
		71B1EA391AF01F5100E135F5 /* Images.xcassets */ = {isa = PBXFileReference; lastKnownFileType = folder.assetcatalog; name = Images.xcassets; path = Techeria_iOS/Images.xcassets; sourceTree = SOURCE_ROOT; };
		71B1EA3E1AF01FC900E135F5 /* Base */ = {isa = PBXFileReference; lastKnownFileType = file.storyboard; name = Base; path = Techeria_iOS/Base.lproj/Main.storyboard; sourceTree = SOURCE_ROOT; };
		71B1EA401AF0201600E135F5 /* Info.plist */ = {isa = PBXFileReference; fileEncoding = 4; lastKnownFileType = text.plist.xml; name = Info.plist; path = Techeria_iOS/Info.plist; sourceTree = SOURCE_ROOT; };
		71B2F6161AF1B37F00F6EE4D /* LoginViewController.swift */ = {isa = PBXFileReference; fileEncoding = 4; lastKnownFileType = sourcecode.swift; name = LoginViewController.swift; path = Techeria_iOS/LoginViewController.swift; sourceTree = SOURCE_ROOT; };
		71B2F6181AF1B3EA00F6EE4D /* HomeViewController.swift */ = {isa = PBXFileReference; fileEncoding = 4; lastKnownFileType = sourcecode.swift; name = HomeViewController.swift; path = Techeria_iOS/HomeViewController.swift; sourceTree = SOURCE_ROOT; };
		9240065E19CABECA00371784 /* Techeria_iOS.app */ = {isa = PBXFileReference; explicitFileType = wrapper.application; includeInIndex = 0; path = Techeria_iOS.app; sourceTree = BUILT_PRODUCTS_DIR; };
		9240067319CABECA00371784 /* Techeria_iOSTests.xctest */ = {isa = PBXFileReference; explicitFileType = wrapper.cfbundle; includeInIndex = 0; path = Techeria_iOSTests.xctest; sourceTree = BUILT_PRODUCTS_DIR; };
/* End PBXFileReference section */

/* Begin PBXFrameworksBuildPhase section */
		9240065B19CABECA00371784 /* Frameworks */ = {
			isa = PBXFrameworksBuildPhase;
			buildActionMask = 2147483647;
			files = (
			);
			runOnlyForDeploymentPostprocessing = 0;
		};
		9240067019CABECA00371784 /* Frameworks */ = {
			isa = PBXFrameworksBuildPhase;
			buildActionMask = 2147483647;
			files = (
			);
			runOnlyForDeploymentPostprocessing = 0;
		};
/* End PBXFrameworksBuildPhase section */

/* Begin PBXGroup section */
		9240065519CABECA00371784 = {
			isa = PBXGroup;
			children = (
				9240066019CABECA00371784 /* Techeria_iOS */,
				9240065F19CABECA00371784 /* Products */,
			);
			sourceTree = "<group>";
		};
		9240065F19CABECA00371784 /* Products */ = {
			isa = PBXGroup;
			children = (
				9240065E19CABECA00371784 /* Techeria_iOS.app */,
				9240067319CABECA00371784 /* Techeria_iOSTests.xctest */,
			);
			name = Products;
			sourceTree = "<group>";
		};
		9240066019CABECA00371784 /* Techeria_iOS */ = {
			isa = PBXGroup;
			children = (
				719086701AF550280023C4B7 /* orange_techeria_logo.jpg */,
				719086711AF550280023C4B7 /* techeria_logo.jpg */,
				71B1EA391AF01F5100E135F5 /* Images.xcassets */,
				71B1EA311AF01F0800E135F5 /* AppDelegate.swift */,
				71B1EA3D1AF01FC900E135F5 /* Main.storyboard */,
				71B2F6161AF1B37F00F6EE4D /* LoginViewController.swift */,
				9240066119CABECA00371784 /* Supporting Files */,
				71B2F6181AF1B3EA00F6EE4D /* HomeViewController.swift */,
				7190867E1AF562C40023C4B7 /* Models.swift */,
			);
			name = Techeria_iOS;
			path = /Users/jmelberg/Development/Techeria_iOS;
			sourceTree = "<absolute>";
		};
		9240066119CABECA00371784 /* Supporting Files */ = {
			isa = PBXGroup;
			children = (
				71B1EA401AF0201600E135F5 /* Info.plist */,
			);
			name = "Supporting Files";
			sourceTree = "<group>";
		};
/* End PBXGroup section */

/* Begin PBXNativeTarget section */
		9240065D19CABECA00371784 /* Techeria_iOS */ = {
			isa = PBXNativeTarget;
			buildConfigurationList = 9240067D19CABECA00371784 /* Build configuration list for PBXNativeTarget "Techeria_iOS" */;
			buildPhases = (
				9240065A19CABECA00371784 /* Sources */,
				9240065B19CABECA00371784 /* Frameworks */,
				9240065C19CABECA00371784 /* Resources */,
			);
			buildRules = (
			);
			dependencies = (
			);
			name = Techeria_iOS;
			productName = TopApps;
			productReference = 9240065E19CABECA00371784 /* Techeria_iOS.app */;
			productType = "com.apple.product-type.application";
		};
		9240067219CABECA00371784 /* Techeria_iOSTests */ = {
			isa = PBXNativeTarget;
			buildConfigurationList = 9240068019CABECA00371784 /* Build configuration list for PBXNativeTarget "Techeria_iOSTests" */;
			buildPhases = (
				9240066F19CABECA00371784 /* Sources */,
				9240067019CABECA00371784 /* Frameworks */,
				9240067119CABECA00371784 /* Resources */,
			);
			buildRules = (
			);
			dependencies = (
				9240067519CABECA00371784 /* PBXTargetDependency */,
			);
			name = Techeria_iOSTests;
			productName = TopAppsTests;
			productReference = 9240067319CABECA00371784 /* Techeria_iOSTests.xctest */;
			productType = "com.apple.product-type.bundle.unit-test";
		};
/* End PBXNativeTarget section */

/* Begin PBXProject section */
		9240065619CABECA00371784 /* Project object */ = {
			isa = PBXProject;
			attributes = {
				LastUpgradeCheck = 0600;
				ORGANIZATIONNAME = "";
				TargetAttributes = {
					9240065D19CABECA00371784 = {
						CreatedOnToolsVersion = 6.0;
					};
					9240067219CABECA00371784 = {
						CreatedOnToolsVersion = 6.0;
						TestTargetID = 9240065D19CABECA00371784;
					};
				};
			};
			buildConfigurationList = 9240065919CABECA00371784 /* Build configuration list for PBXProject "Techeria_iOS" */;
			compatibilityVersion = "Xcode 3.2";
			developmentRegion = English;
			hasScannedForEncodings = 0;
			knownRegions = (
				en,
				Base,
			);
			mainGroup = 9240065519CABECA00371784;
			productRefGroup = 9240065F19CABECA00371784 /* Products */;
			projectDirPath = "";
			projectRoot = "";
			targets = (
				9240065D19CABECA00371784 /* Techeria_iOS */,
				9240067219CABECA00371784 /* Techeria_iOSTests */,
			);
		};
/* End PBXProject section */

/* Begin PBXResourcesBuildPhase section */
		9240065C19CABECA00371784 /* Resources */ = {
			isa = PBXResourcesBuildPhase;
			buildActionMask = 2147483647;
			files = (
				719086721AF550280023C4B7 /* orange_techeria_logo.jpg in Resources */,
				71B1EA3A1AF01F5100E135F5 /* Images.xcassets in Resources */,
				71B1EA3F1AF01FC900E135F5 /* Main.storyboard in Resources */,
				71B1EA411AF0201600E135F5 /* Info.plist in Resources */,
				719086731AF550280023C4B7 /* techeria_logo.jpg in Resources */,
			);
			runOnlyForDeploymentPostprocessing = 0;
		};
		9240067119CABECA00371784 /* Resources */ = {
			isa = PBXResourcesBuildPhase;
			buildActionMask = 2147483647;
			files = (
			);
			runOnlyForDeploymentPostprocessing = 0;
		};
/* End PBXResourcesBuildPhase section */

/* Begin PBXSourcesBuildPhase section */
		9240065A19CABECA00371784 /* Sources */ = {
			isa = PBXSourcesBuildPhase;
			buildActionMask = 2147483647;
			files = (
				71B2F6191AF1B3EA00F6EE4D /* HomeViewController.swift in Sources */,
				71B2F6171AF1B37F00F6EE4D /* LoginViewController.swift in Sources */,
				71B1EA351AF01F0800E135F5 /* AppDelegate.swift in Sources */,
				7190867F1AF562C40023C4B7 /* Models.swift in Sources */,
			);
			runOnlyForDeploymentPostprocessing = 0;
		};
		9240066F19CABECA00371784 /* Sources */ = {
			isa = PBXSourcesBuildPhase;
			buildActionMask = 2147483647;
			files = (
			);
			runOnlyForDeploymentPostprocessing = 0;
		};
/* End PBXSourcesBuildPhase section */

/* Begin PBXTargetDependency section */
		9240067519CABECA00371784 /* PBXTargetDependency */ = {
			isa = PBXTargetDependency;
			target = 9240065D19CABECA00371784 /* Techeria_iOS */;
			targetProxy = 9240067419CABECA00371784 /* PBXContainerItemProxy */;
		};
/* End PBXTargetDependency section */

/* Begin PBXVariantGroup section */
		71B1EA3D1AF01FC900E135F5 /* Main.storyboard */ = {
			isa = PBXVariantGroup;
			children = (
				71B1EA3E1AF01FC900E135F5 /* Base */,
			);
			name = Main.storyboard;
			sourceTree = "<group>";
		};
/* End PBXVariantGroup section */

/* Begin XCBuildConfiguration section */
		9240067B19CABECA00371784 /* Debug */ = {
			isa = XCBuildConfiguration;
			buildSettings = {
				ALWAYS_SEARCH_USER_PATHS = NO;
				CLANG_CXX_LANGUAGE_STANDARD = "gnu++0x";
				CLANG_CXX_LIBRARY = "libc++";
				CLANG_ENABLE_MODULES = YES;
				CLANG_ENABLE_OBJC_ARC = YES;
				CLANG_WARN_BOOL_CONVERSION = YES;
				CLANG_WARN_CONSTANT_CONVERSION = YES;
				CLANG_WARN_DIRECT_OBJC_ISA_USAGE = YES_ERROR;
				CLANG_WARN_EMPTY_BODY = YES;
				CLANG_WARN_ENUM_CONVERSION = YES;
				CLANG_WARN_INT_CONVERSION = YES;
				CLANG_WARN_OBJC_ROOT_CLASS = YES_ERROR;
				CLANG_WARN_UNREACHABLE_CODE = YES;
				CLANG_WARN__DUPLICATE_METHOD_MATCH = YES;
				"CODE_SIGN_IDENTITY[sdk=iphoneos*]" = "iPhone Developer";
				COPY_PHASE_STRIP = NO;
				ENABLE_STRICT_OBJC_MSGSEND = YES;
				GCC_C_LANGUAGE_STANDARD = gnu99;
				GCC_DYNAMIC_NO_PIC = NO;
				GCC_OPTIMIZATION_LEVEL = 0;
				GCC_PREPROCESSOR_DEFINITIONS = (
					"DEBUG=1",
					"$(inherited)",
				);
				GCC_SYMBOLS_PRIVATE_EXTERN = NO;
				GCC_WARN_64_TO_32_BIT_CONVERSION = YES;
				GCC_WARN_ABOUT_RETURN_TYPE = YES_ERROR;
				GCC_WARN_UNDECLARED_SELECTOR = YES;
				GCC_WARN_UNINITIALIZED_AUTOS = YES_AGGRESSIVE;
				GCC_WARN_UNUSED_FUNCTION = YES;
				GCC_WARN_UNUSED_VARIABLE = YES;
				IPHONEOS_DEPLOYMENT_TARGET = 8.0;
				MTL_ENABLE_DEBUG_INFO = YES;
				ONLY_ACTIVE_ARCH = YES;
				SDKROOT = iphoneos;
				SWIFT_OPTIMIZATION_LEVEL = "-Onone";
			};
			name = Debug;
		};
		9240067C19CABECA00371784 /* Release */ = {
			isa = XCBuildConfiguration;
			buildSettings = {
				ALWAYS_SEARCH_USER_PATHS = NO;
				CLANG_CXX_LANGUAGE_STANDARD = "gnu++0x";
				CLANG_CXX_LIBRARY = "libc++";
				CLANG_ENABLE_MODULES = YES;
				CLANG_ENABLE_OBJC_ARC = YES;
				CLANG_WARN_BOOL_CONVERSION = YES;
				CLANG_WARN_CONSTANT_CONVERSION = YES;
				CLANG_WARN_DIRECT_OBJC_ISA_USAGE = YES_ERROR;
				CLANG_WARN_EMPTY_BODY = YES;
				CLANG_WARN_ENUM_CONVERSION = YES;
				CLANG_WARN_INT_CONVERSION = YES;
				CLANG_WARN_OBJC_ROOT_CLASS = YES_ERROR;
				CLANG_WARN_UNREACHABLE_CODE = YES;
				CLANG_WARN__DUPLICATE_METHOD_MATCH = YES;
				"CODE_SIGN_IDENTITY[sdk=iphoneos*]" = "iPhone Developer";
				COPY_PHASE_STRIP = YES;
				ENABLE_NS_ASSERTIONS = NO;
				ENABLE_STRICT_OBJC_MSGSEND = YES;
				GCC_C_LANGUAGE_STANDARD = gnu99;
				GCC_WARN_64_TO_32_BIT_CONVERSION = YES;
				GCC_WARN_ABOUT_RETURN_TYPE = YES_ERROR;
				GCC_WARN_UNDECLARED_SELECTOR = YES;
				GCC_WARN_UNINITIALIZED_AUTOS = YES_AGGRESSIVE;
				GCC_WARN_UNUSED_FUNCTION = YES;
				GCC_WARN_UNUSED_VARIABLE = YES;
				IPHONEOS_DEPLOYMENT_TARGET = 8.0;
				MTL_ENABLE_DEBUG_INFO = NO;
				SDKROOT = iphoneos;
				VALIDATE_PRODUCT = YES;
			};
			name = Release;
		};
		9240067E19CABECA00371784 /* Debug */ = {
			isa = XCBuildConfiguration;
			buildSettings = {
				ASSETCATALOG_COMPILER_APPICON_NAME = AppIcon;
				CODE_SIGN_IDENTITY = "iPhone Developer";
				INFOPLIST_FILE = "$(SRCROOT)/Techeria_iOS/Info.plist";
				LD_RUNPATH_SEARCH_PATHS = "$(inherited) @executable_path/Frameworks";
				PRODUCT_NAME = Techeria_iOS;
			};
			name = Debug;
		};
		9240067F19CABECA00371784 /* Release */ = {
			isa = XCBuildConfiguration;
			buildSettings = {
				ASSETCATALOG_COMPILER_APPICON_NAME = AppIcon;
				CODE_SIGN_IDENTITY = "iPhone Developer";
				INFOPLIST_FILE = "$(SRCROOT)/Techeria_iOS/Info.plist";
				LD_RUNPATH_SEARCH_PATHS = "$(inherited) @executable_path/Frameworks";
				PRODUCT_NAME = Techeria_iOS;
			};
			name = Release;
		};
		9240068119CABECA00371784 /* Debug */ = {
			isa = XCBuildConfiguration;
			buildSettings = {
				BUNDLE_LOADER = "$(TEST_HOST)";
				FRAMEWORK_SEARCH_PATHS = (
					"$(SDKROOT)/Developer/Library/Frameworks",
					"$(inherited)",
				);
				GCC_PREPROCESSOR_DEFINITIONS = (
					"DEBUG=1",
					"$(inherited)",
				);
				INFOPLIST_FILE = TopAppsTests/Info.plist;
				LD_RUNPATH_SEARCH_PATHS = "$(inherited) @executable_path/Frameworks @loader_path/Frameworks";
				PRODUCT_NAME = Techeria_iOSTests;
				TEST_HOST = "$(BUILT_PRODUCTS_DIR)/TopApps.app/TopApps";
			};
			name = Debug;
		};
		9240068219CABECA00371784 /* Release */ = {
			isa = XCBuildConfiguration;
			buildSettings = {
				BUNDLE_LOADER = "$(TEST_HOST)";
				FRAMEWORK_SEARCH_PATHS = (
					"$(SDKROOT)/Developer/Library/Frameworks",
					"$(inherited)",
				);
				INFOPLIST_FILE = TopAppsTests/Info.plist;
				LD_RUNPATH_SEARCH_PATHS = "$(inherited) @executable_path/Frameworks @loader_path/Frameworks";
				PRODUCT_NAME = Techeria_iOSTests;
				TEST_HOST = "$(BUILT_PRODUCTS_DIR)/TopApps.app/TopApps";
			};
			name = Release;
		};
/* End XCBuildConfiguration section */

/* Begin XCConfigurationList section */
		9240065919CABECA00371784 /* Build configuration list for PBXProject "Techeria_iOS" */ = {
			isa = XCConfigurationList;
			buildConfigurations = (
				9240067B19CABECA00371784 /* Debug */,
				9240067C19CABECA00371784 /* Release */,
			);
			defaultConfigurationIsVisible = 0;
			defaultConfigurationName = Release;
		};
		9240067D19CABECA00371784 /* Build configuration list for PBXNativeTarget "Techeria_iOS" */ = {
			isa = XCConfigurationList;
			buildConfigurations = (
				9240067E19CABECA00371784 /* Debug */,
				9240067F19CABECA00371784 /* Release */,
			);
			defaultConfigurationIsVisible = 0;
			defaultConfigurationName = Release;
		};
		9240068019CABECA00371784 /* Build configuration list for PBXNativeTarget "Techeria_iOSTests" */ = {
			isa = XCConfigurationList;
			buildConfigurations = (
				9240068119CABECA00371784 /* Debug */,
				9240068219CABECA00371784 /* Release */,
			);
			defaultConfigurationIsVisible = 0;
			defaultConfigurationName = Release;
		};
/* End XCConfigurationList section */
	};
	rootObject = 9240065619CABECA00371784 /* Project object */;
}
